{
  "name": "consumer-app",
  "version": "1.0.0",
  "lockfileVersion": 3,
  "requires": true,
  "packages": {
    "": {
      "name": "consumer-app",
      "version": "1.0.0",
      "license": "MIT",
      "dependencies": {
        "@demo/safe-marker-package": "file:../dist/demo-safe-marker-package-1.0.0.tgz"
      }
    },
    "node_modules/@demo/safe-marker-package": {
      "version": "1.0.0",
      "resolved": "file:../dist/demo-safe-marker-package-1.0.0.tgz",
      "integrity": "sha512-kdqzmuKsMbwAL9Hw5R4HcBY4OMsu3ohOUDCuC8e4avrxR0UT3Rtj9V1bnfzbmMyDYG/m+f1xmjB+3MB6bks/ow==",
      "hasInstallScript": true,
      "license": "MIT"
    }
  }
}
